<?xml version="1.0" encoding="utf-8"?>
<Project ToolsVersion="4.0" xmlns="http://schemas.microsoft.com/developer/msbuild/2003">
  <ItemGroup>
    <Filter Include="Common Header">
      <UniqueIdentifier>{93995380-89BD-4b04-88EB-625FBE52EBFB}</UniqueIdentifier>
      <Extensions>h;hh;hpp;hxx;hm;inl;inc;xsd</Extensions>
    </Filter>
    <Filter Include="GameObject">
      <UniqueIdentifier>{fb43267d-2298-4b76-9aa8-4878c36558b2}</UniqueIdentifier>
    </Filter>
    <Filter Include="Common Header\Precompiled Header">
      <UniqueIdentifier>{34622d28-03b3-4e50-bf96-8091a304a69f}</UniqueIdentifier>
    </Filter>
    <Filter Include="GameObject\RenderableObject">
      <UniqueIdentifier>{926e0faa-e7fc-4c99-953a-3f671ecc3dbc}</UniqueIdentifier>
    </Filter>
    <Filter Include="GameObject\RenderableObject\SplittableObject">
      <UniqueIdentifier>{9346afa2-8950-4836-a530-bf08bad915b6}</UniqueIdentifier>
    </Filter>
    <Filter Include="GameObject\RenderableObject\Button">
      <UniqueIdentifier>{6d0a68ca-2755-4a48-bce5-90ee71edf156}</UniqueIdentifier>
    </Filter>
    <Filter Include="Singletone">
      <UniqueIdentifier>{4b3d75e5-07ee-423f-be3c-17a8661b0778}</UniqueIdentifier>
    </Filter>
    <Filter Include="GameObject\RenderableObject\SplittableObject\Character">
      <UniqueIdentifier>{90bc82dd-8316-47bf-8ae8-d96f3309275a}</UniqueIdentifier>
    </Filter>
    <Filter Include="Common Header\myFunction">
      <UniqueIdentifier>{ef66949c-5239-4ee5-9ba2-a06f73be93d5}</UniqueIdentifier>
    </Filter>
    <Filter Include="Common Header\Util">
      <UniqueIdentifier>{dd8246dc-a3d1-45d9-8835-6c9768a810bd}</UniqueIdentifier>
    </Filter>
    <Filter Include="System">
      <UniqueIdentifier>{19db5151-db61-4d7d-84ab-165da3c1f8d9}</UniqueIdentifier>
    </Filter>
    <Filter Include="System\TimeManager">
      <UniqueIdentifier>{119412fe-26b1-4af8-9d11-ed72c2636e2e}</UniqueIdentifier>
    </Filter>
    <Filter Include="System\BaseWindow">
      <UniqueIdentifier>{ef2893f6-5ed7-49b3-af91-4128e694ba45}</UniqueIdentifier>
    </Filter>
    <Filter Include="System\TimeManager\FrameSkip">
      <UniqueIdentifier>{1dd4ccd4-3dd5-4827-9c6a-8378c82d939b}</UniqueIdentifier>
    </Filter>
    <Filter Include="Scene">
      <UniqueIdentifier>{422d5abd-554a-423c-b811-d28f65faa2cd}</UniqueIdentifier>
    </Filter>
    <Filter Include="Scene\Interface">
      <UniqueIdentifier>{4ea5a9dd-ddb8-4237-8a02-5435bea11fed}</UniqueIdentifier>
    </Filter>
  </ItemGroup>
  <ItemGroup>
    <Text Include="ReadMe.txt" />
  </ItemGroup>
  <ItemGroup>
    <ClInclude Include="targetver.h">
      <Filter>Common Header</Filter>
    </ClInclude>
    <ClInclude Include="stdafx.h">
      <Filter>Common Header\Precompiled Header</Filter>
    </ClInclude>
    <ClInclude Include="GameObject.h">
      <Filter>GameObject</Filter>
    </ClInclude>
    <ClInclude Include="RenderableObject.h">
      <Filter>GameObject\RenderableObject</Filter>
    </ClInclude>
    <ClInclude Include="SplittableObject.h">
      <Filter>GameObject\RenderableObject\SplittableObject</Filter>
    </ClInclude>
    <ClInclude Include="Button.h">
      <Filter>GameObject\RenderableObject\Button</Filter>
    </ClInclude>
    <ClInclude Include="EventHandler.h">
      <Filter>Singletone</Filter>
    </ClInclude>
    <ClInclude Include="Singletone.h">
      <Filter>Common Header</Filter>
    </ClInclude>
    <ClInclude Include="Character.h">
      <Filter>GameObject\RenderableObject\SplittableObject\Character</Filter>
    </ClInclude>
    <ClInclude Include="myFunction.h">
      <Filter>Common Header\myFunction</Filter>
    </ClInclude>
    <ClInclude Include="Util.h">
      <Filter>Common Header\Util</Filter>
    </ClInclude>
    <ClInclude Include="TimeManager.h">
      <Filter>System\TimeManager</Filter>
    </ClInclude>
    <ClInclude Include="System.h">
      <Filter>System</Filter>
    </ClInclude>
    <ClInclude Include="FrameSkip.h">
      <Filter>System\TimeManager\FrameSkip</Filter>
    </ClInclude>
    <ClInclude Include="BaseWindow.h">
      <Filter>System\BaseWindow</Filter>
    </ClInclude>
    <ClInclude Include="IScene.h">
      <Filter>Scene\Interface</Filter>
    </ClInclude>
  </ItemGroup>
  <ItemGroup>
    <ClCompile Include="stdafx.cpp">
      <Filter>Common Header\Precompiled Header</Filter>
    </ClCompile>
    <ClCompile Include="MiracleBoys_SDL.cpp" />
    <ClCompile Include="RenderableObject.cpp">
      <Filter>GameObject\RenderableObject</Filter>
    </ClCompile>
    <ClCompile Include="SplittableObject.cpp">
      <Filter>GameObject\RenderableObject\SplittableObject</Filter>
    </ClCompile>
    <ClCompile Include="EventHandler.cpp">
      <Filter>Singletone</Filter>
    </ClCompile>
    <ClCompile Include="Character.cpp">
      <Filter>GameObject\RenderableObject\SplittableObject\Character</Filter>
    </ClCompile>
    <ClCompile Include="myFunction.cpp">
      <Filter>Common Header\myFunction</Filter>
    </ClCompile>
    <ClCompile Include="Button.cpp">
      <Filter>GameObject\RenderableObject\Button</Filter>
    </ClCompile>
    <ClCompile Include="TimeManager.cpp">
      <Filter>System\TimeManager</Filter>
    </ClCompile>
    <ClCompile Include="System.cpp">
      <Filter>System</Filter>
    </ClCompile>
    <ClCompile Include="FrameSkip.cpp">
      <Filter>System\TimeManager\FrameSkip</Filter>
    </ClCompile>
    <ClCompile Include="BaseWindow.cpp">
      <Filter>System\BaseWindow</Filter>
    </ClCompile>
  </ItemGroup>
</Project>